{
  "name": "eid.cornq.net",
  "lockfileVersion": 3,
  "requires": true,
  "packages": {
    "": {
      "dependencies": {
        "nevis": "^0.5.0"
      }
    },
    "node_modules/nevis": {
      "version": "0.5.0",
      "resolved": "https://registry.npmjs.org/nevis/-/nevis-0.5.0.tgz",
      "integrity": "sha512-2BzhvV5v6cXlRhd9A/I7KVP6M6naz7nhxB6WZ55GuFFT1T7/3RiIjo6gCHzqObOnBk6YRPdWWTk7nWGD7Mf4hw==",
      "license": "MIT"
    }
  }
}
